
Microsoft Visual Studio Solution File, Format Version 12.00
# Visual Studio Version 17
VisualStudioVersion = 17.9.34723.18
MinimumVisualStudioVersion = 10.0.40219.1
Project("{FAE04EC0-301F-11D3-BF4B-00C04F79EFBC}") = "GerenciamentoLivros", "GerenciamentoLivros.csproj", "{AB0F3D9B-483A-4AFD-963B-BF6FE2A8BC9A}"
EndProject
Project("{FAE04EC0-301F-11D3-BF4B-00C04F79EFBC}") = "GerenciamentoLivros.Test", "..\GerenciamentoLivros.Test\GerenciamentoLivros.Test.csproj", "{06FCA455-6F6A-4C38-8584-BC8FEF157F86}"
EndProject
Global
	GlobalSection(SolutionConfigurationPlatforms) = preSolution
		Debug|Any CPU = Debug|Any CPU
		Release|Any CPU = Release|Any CPU
	EndGlobalSection
	GlobalSection(ProjectConfigurationPlatforms) = postSolution
		{AB0F3D9B-483A-4AFD-963B-BF6FE2A8BC9A}.Debug|Any CPU.ActiveCfg = Debug|Any CPU
		{AB0F3D9B-483A-4AFD-963B-BF6FE2A8BC9A}.Debug|Any CPU.Build.0 = Debug|Any CPU
		{AB0F3D9B-483A-4AFD-963B-BF6FE2A8BC9A}.Release|Any CPU.ActiveCfg = Release|Any CPU
		{AB0F3D9B-483A-4AFD-963B-BF6FE2A8BC9A}.Release|Any CPU.Build.0 = Release|Any CPU
		{06FCA455-6F6A-4C38-8584-BC8FEF157F86}.Debug|Any CPU.ActiveCfg = Debug|Any CPU
		{06FCA455-6F6A-4C38-8584-BC8FEF157F86}.Debug|Any CPU.Build.0 = Debug|Any CPU
		{06FCA455-6F6A-4C38-8584-BC8FEF157F86}.Release|Any CPU.ActiveCfg = Release|Any CPU
		{06FCA455-6F6A-4C38-8584-BC8FEF157F86}.Release|Any CPU.Build.0 = Release|Any CPU
	EndGlobalSection
	GlobalSection(SolutionProperties) = preSolution
		HideSolutionNode = FALSE
	EndGlobalSection
	GlobalSection(ExtensibilityGlobals) = postSolution
		SolutionGuid = {34A9C1F4-10FB-411E-8F0D-6E600F897A8B}
	EndGlobalSection
EndGlobal
