
Microsoft Visual Studio Solution File, Format Version 12.00
# Visual Studio Version 17
VisualStudioVersion = 17.8.34511.84
MinimumVisualStudioVersion = 10.0.40219.1
Project("{FAE04EC0-301F-11D3-BF4B-00C04F79EFBC}") = "ValidarEmail", "ValidarEmail.csproj", "{39062EB5-30D2-49CD-B3C4-4D0498ABD085}"
EndProject
Project("{FAE04EC0-301F-11D3-BF4B-00C04F79EFBC}") = "ValidarEmail.Teste", "..\ValidarEmail.Teste\ValidarEmail.Teste.csproj", "{5920710C-A9A9-4629-996C-85301F72ABEA}"
EndProject
Global
	GlobalSection(SolutionConfigurationPlatforms) = preSolution
		Debug|Any CPU = Debug|Any CPU
		Release|Any CPU = Release|Any CPU
	EndGlobalSection
	GlobalSection(ProjectConfigurationPlatforms) = postSolution
		{39062EB5-30D2-49CD-B3C4-4D0498ABD085}.Debug|Any CPU.ActiveCfg = Debug|Any CPU
		{39062EB5-30D2-49CD-B3C4-4D0498ABD085}.Debug|Any CPU.Build.0 = Debug|Any CPU
		{39062EB5-30D2-49CD-B3C4-4D0498ABD085}.Release|Any CPU.ActiveCfg = Release|Any CPU
		{39062EB5-30D2-49CD-B3C4-4D0498ABD085}.Release|Any CPU.Build.0 = Release|Any CPU
		{5920710C-A9A9-4629-996C-85301F72ABEA}.Debug|Any CPU.ActiveCfg = Debug|Any CPU
		{5920710C-A9A9-4629-996C-85301F72ABEA}.Debug|Any CPU.Build.0 = Debug|Any CPU
		{5920710C-A9A9-4629-996C-85301F72ABEA}.Release|Any CPU.ActiveCfg = Release|Any CPU
		{5920710C-A9A9-4629-996C-85301F72ABEA}.Release|Any CPU.Build.0 = Release|Any CPU
	EndGlobalSection
	GlobalSection(SolutionProperties) = preSolution
		HideSolutionNode = FALSE
	EndGlobalSection
	GlobalSection(ExtensibilityGlobals) = postSolution
		SolutionGuid = {A8AD90F6-48B4-4558-B762-C11F2B7FBA05}
	EndGlobalSection
EndGlobal
