
Microsoft Visual Studio Solution File, Format Version 12.00
# Visual Studio Version 17
VisualStudioVersion = 17.8.34511.84
MinimumVisualStudioVersion = 10.0.40219.1
Project("{FAE04EC0-301F-11D3-BF4B-00C04F79EFBC}") = "Livros", "Livros.csproj", "{0D516BC2-4319-4945-9E02-9D81F6C29C22}"
EndProject
Project("{FAE04EC0-301F-11D3-BF4B-00C04F79EFBC}") = "LivrosUnit.Test", "..\LivrosUnitTest\LivrosUnit.Test.csproj", "{6F6AE88F-2DD0-46A5-886F-DEC6D46F4C9A}"
EndProject
Global
	GlobalSection(SolutionConfigurationPlatforms) = preSolution
		Debug|Any CPU = Debug|Any CPU
		Release|Any CPU = Release|Any CPU
	EndGlobalSection
	GlobalSection(ProjectConfigurationPlatforms) = postSolution
		{0D516BC2-4319-4945-9E02-9D81F6C29C22}.Debug|Any CPU.ActiveCfg = Debug|Any CPU
		{0D516BC2-4319-4945-9E02-9D81F6C29C22}.Debug|Any CPU.Build.0 = Debug|Any CPU
		{0D516BC2-4319-4945-9E02-9D81F6C29C22}.Release|Any CPU.ActiveCfg = Release|Any CPU
		{0D516BC2-4319-4945-9E02-9D81F6C29C22}.Release|Any CPU.Build.0 = Release|Any CPU
		{6F6AE88F-2DD0-46A5-886F-DEC6D46F4C9A}.Debug|Any CPU.ActiveCfg = Debug|Any CPU
		{6F6AE88F-2DD0-46A5-886F-DEC6D46F4C9A}.Debug|Any CPU.Build.0 = Debug|Any CPU
		{6F6AE88F-2DD0-46A5-886F-DEC6D46F4C9A}.Release|Any CPU.ActiveCfg = Release|Any CPU
		{6F6AE88F-2DD0-46A5-886F-DEC6D46F4C9A}.Release|Any CPU.Build.0 = Release|Any CPU
	EndGlobalSection
	GlobalSection(SolutionProperties) = preSolution
		HideSolutionNode = FALSE
	EndGlobalSection
	GlobalSection(ExtensibilityGlobals) = postSolution
		SolutionGuid = {A8156E7A-D66C-4935-A92B-12489C829105}
	EndGlobalSection
EndGlobal
